{
  "name": "portfolio-website",
  "version": "1.0.0",
  "lockfileVersion": 3,
  "requires": true,
  "packages": {
    "": {
      "name": "portfolio-website",
      "version": "1.0.0",
      "license": "ISC",
      "dependencies": {
        "nodesass": "^0.0.2-security"
      }
    },
    "node_modules/nodesass": {
      "version": "0.0.2-security",
      "resolved": "https://registry.npmjs.org/nodesass/-/nodesass-0.0.2-security.tgz",
      "integrity": "sha512-Jg/QXSON+BYEz8ve5lDv91FNcb0hNQIj8vUgPF0Gl2jjiNM1eNsdMKGg/IvdM6NVk05uGaioTupSGtF1CJqq2w=="
    }
  }
}
